
Microsoft Visual Studio Solution File, Format Version 12.00
Project("{FAE04EC0-301F-11D3-BF4B-00C04F79EFBC}") = "ConsoleApplication1", "ConsoleApplication1\ConsoleApplication1.csproj", "{114972C6-67DC-430D-AA5C-2FB5719DF843}"
EndProject
Project("{FAE04EC0-301F-11D3-BF4B-00C04F79EFBC}") = "Exercise3", "Exercise3\Exercise3.csproj", "{7230D155-C36B-4466-80C3-B8BB73330751}"
EndProject
Project("{FAE04EC0-301F-11D3-BF4B-00C04F79EFBC}") = "Exercise4", "Exercise4\Exercise4.csproj", "{42309CD6-40AF-4EBC-AF4D-8DDFFE0EC612}"
EndProject
Global
	GlobalSection(SolutionConfigurationPlatforms) = preSolution
		Debug|Any CPU = Debug|Any CPU
		Release|Any CPU = Release|Any CPU
	EndGlobalSection
	GlobalSection(ProjectConfigurationPlatforms) = postSolution
		{114972C6-67DC-430D-AA5C-2FB5719DF843}.Debug|Any CPU.ActiveCfg = Debug|Any CPU
		{114972C6-67DC-430D-AA5C-2FB5719DF843}.Debug|Any CPU.Build.0 = Debug|Any CPU
		{114972C6-67DC-430D-AA5C-2FB5719DF843}.Release|Any CPU.ActiveCfg = Release|Any CPU
		{114972C6-67DC-430D-AA5C-2FB5719DF843}.Release|Any CPU.Build.0 = Release|Any CPU
		{7230D155-C36B-4466-80C3-B8BB73330751}.Debug|Any CPU.ActiveCfg = Debug|Any CPU
		{7230D155-C36B-4466-80C3-B8BB73330751}.Debug|Any CPU.Build.0 = Debug|Any CPU
		{7230D155-C36B-4466-80C3-B8BB73330751}.Release|Any CPU.ActiveCfg = Release|Any CPU
		{7230D155-C36B-4466-80C3-B8BB73330751}.Release|Any CPU.Build.0 = Release|Any CPU
		{42309CD6-40AF-4EBC-AF4D-8DDFFE0EC612}.Debug|Any CPU.ActiveCfg = Debug|Any CPU
		{42309CD6-40AF-4EBC-AF4D-8DDFFE0EC612}.Debug|Any CPU.Build.0 = Debug|Any CPU
		{42309CD6-40AF-4EBC-AF4D-8DDFFE0EC612}.Release|Any CPU.ActiveCfg = Release|Any CPU
		{42309CD6-40AF-4EBC-AF4D-8DDFFE0EC612}.Release|Any CPU.Build.0 = Release|Any CPU
	EndGlobalSection
EndGlobal
